
Microsoft Visual Studio Solution File, Format Version 12.00
# Visual Studio Version 17
VisualStudioVersion = 17.1.32228.430
MinimumVisualStudioVersion = 10.0.40219.1
Project("{9A19103F-16F7-4668-BE54-9A1E7A4F7556}") = "GymRatFront", "GymRatFront\GymRatFront.csproj", "{142A26FD-980C-45BE-8AA5-745338A4246A}"
EndProject
Global
	GlobalSection(SolutionConfigurationPlatforms) = preSolution
		Debug|Any CPU = Debug|Any CPU
		Release|Any CPU = Release|Any CPU
	EndGlobalSection
	GlobalSection(ProjectConfigurationPlatforms) = postSolution
		{142A26FD-980C-45BE-8AA5-745338A4246A}.Debug|Any CPU.ActiveCfg = Debug|Any CPU
		{142A26FD-980C-45BE-8AA5-745338A4246A}.Debug|Any CPU.Build.0 = Debug|Any CPU
		{142A26FD-980C-45BE-8AA5-745338A4246A}.Release|Any CPU.ActiveCfg = Release|Any CPU
		{142A26FD-980C-45BE-8AA5-745338A4246A}.Release|Any CPU.Build.0 = Release|Any CPU
	EndGlobalSection
	GlobalSection(SolutionProperties) = preSolution
		HideSolutionNode = FALSE
	EndGlobalSection
	GlobalSection(ExtensibilityGlobals) = postSolution
		SolutionGuid = {A56BC09E-0FD1-4E97-AEC2-0FF9FD9177C9}
	EndGlobalSection
EndGlobal
